
Microsoft Visual Studio Solution File, Format Version 12.00
# Visual Studio Version 16
VisualStudioVersion = 16.0.29215.179
MinimumVisualStudioVersion = 10.0.40219.1
Project("{FAE04EC0-301F-11D3-BF4B-00C04F79EFBC}") = "Temperature Converter", "Temperature Converter.csproj", "{97A605AD-C9BE-4157-AD1E-7C309E121B63}"
EndProject
Global
	GlobalSection(SolutionConfigurationPlatforms) = preSolution
		Debug|Any CPU = Debug|Any CPU
		Release|Any CPU = Release|Any CPU
	EndGlobalSection
	GlobalSection(ProjectConfigurationPlatforms) = postSolution
		{97A605AD-C9BE-4157-AD1E-7C309E121B63}.Debug|Any CPU.ActiveCfg = Debug|Any CPU
		{97A605AD-C9BE-4157-AD1E-7C309E121B63}.Debug|Any CPU.Build.0 = Debug|Any CPU
		{97A605AD-C9BE-4157-AD1E-7C309E121B63}.Release|Any CPU.ActiveCfg = Release|Any CPU
		{97A605AD-C9BE-4157-AD1E-7C309E121B63}.Release|Any CPU.Build.0 = Release|Any CPU
	EndGlobalSection
	GlobalSection(SolutionProperties) = preSolution
		HideSolutionNode = FALSE
	EndGlobalSection
	GlobalSection(ExtensibilityGlobals) = postSolution
		SolutionGuid = {6199C55E-B3FF-48C2-9209-1A598FDB8D1F}
	EndGlobalSection
EndGlobal
